
Microsoft Visual Studio Solution File, Format Version 12.00
# Visual Studio 15
VisualStudioVersion = 15.0.28307.489
MinimumVisualStudioVersion = 10.0.40219.1
Project("{FAE04EC0-301F-11D3-BF4B-00C04F79EFBC}") = "aspnetcore_areas", "aspnetcore_areas\aspnetcore_areas.csproj", "{7A5FCEB4-12AA-4A12-B54B-1270C905EC6C}"
EndProject
Global
	GlobalSection(SolutionConfigurationPlatforms) = preSolution
		Debug|Any CPU = Debug|Any CPU
		Release|Any CPU = Release|Any CPU
	EndGlobalSection
	GlobalSection(ProjectConfigurationPlatforms) = postSolution
		{7A5FCEB4-12AA-4A12-B54B-1270C905EC6C}.Debug|Any CPU.ActiveCfg = Debug|Any CPU
		{7A5FCEB4-12AA-4A12-B54B-1270C905EC6C}.Debug|Any CPU.Build.0 = Debug|Any CPU
		{7A5FCEB4-12AA-4A12-B54B-1270C905EC6C}.Release|Any CPU.ActiveCfg = Release|Any CPU
		{7A5FCEB4-12AA-4A12-B54B-1270C905EC6C}.Release|Any CPU.Build.0 = Release|Any CPU
	EndGlobalSection
	GlobalSection(SolutionProperties) = preSolution
		HideSolutionNode = FALSE
	EndGlobalSection
	GlobalSection(ExtensibilityGlobals) = postSolution
		SolutionGuid = {E34D1853-E585-429F-852D-953830CAD676}
	EndGlobalSection
EndGlobal
